{
  "name": "@kubor/dsh-bloom-theme",
  "version": "0.3.5",
  "lockfileVersion": 3,
  "requires": true,
  "packages": {
    "": {
      "name": "@kubor/dsh-bloom-theme",
      "version": "0.3.5",
      "license": "MIT",
      "devDependencies": {
        "contrast-guard": "^0.1.1"
      }
    },
    "node_modules/contrast-guard": {
      "version": "0.1.1",
      "resolved": "https://registry.npmjs.org/contrast-guard/-/contrast-guard-0.1.1.tgz",
      "integrity": "sha512-k0T66xV0JLWRmqS2LkIMpxl//OAVir5vYF5U9B4wbH+SPwDl79/Z6shqfTtGYTG8HKOS3p7NbU/4XYqTmkI+/w==",
      "dev": true,
      "license": "MIT",
      "bin": {
        "contrast-guard": "src/cli.js"
      },
      "engines": {
        "node": ">=18"
      }
    }
  }
}
