{
  "name": "@kubor/dsh-bloom-theme",
  "version": "0.3.6",
  "lockfileVersion": 3,
  "requires": true,
  "packages": {
    "": {
      "name": "@kubor/dsh-bloom-theme",
      "version": "0.3.6",
      "license": "MIT",
      "devDependencies": {
        "contrast-guard": "^0.2.0"
      }
    },
    "node_modules/contrast-guard": {
      "version": "0.2.0",
      "resolved": "https://registry.npmjs.org/contrast-guard/-/contrast-guard-0.2.0.tgz",
      "integrity": "sha512-pUEYReL7jo7HcOaTkIxegNfweRUH0vgYkyNG965VNc5ayQjRI8oWbgdZ5E0zEoggR2Wj0USizT5P6wKykdZZ1A==",
      "dev": true,
      "license": "MIT",
      "bin": {
        "contrast-guard": "src/cli.js"
      },
      "engines": {
        "node": ">=18"
      }
    }
  }
}
